
Microsoft Visual Studio Solution File, Format Version 12.00
# Visual Studio 15
Project("{FAE04EC0-301F-11D3-BF4B-00C04F79EFBC}") = "Assembly-CSharp", "Assembly-CSharp.csproj", "{502DBA50-B4DD-3490-3D01-94A9850A0BF5}"
EndProject
Global
	GlobalSection(SolutionConfigurationPlatforms) = preSolution
		Debug|Any CPU = Debug|Any CPU
		Release|Any CPU = Release|Any CPU
	EndGlobalSection
	GlobalSection(ProjectConfigurationPlatforms) = postSolution
		{502DBA50-B4DD-3490-3D01-94A9850A0BF5}.Debug|Any CPU.ActiveCfg = Debug|Any CPU
		{502DBA50-B4DD-3490-3D01-94A9850A0BF5}.Debug|Any CPU.Build.0 = Debug|Any CPU
		{502DBA50-B4DD-3490-3D01-94A9850A0BF5}.Release|Any CPU.ActiveCfg = Release|Any CPU
		{502DBA50-B4DD-3490-3D01-94A9850A0BF5}.Release|Any CPU.Build.0 = Release|Any CPU
	EndGlobalSection
	GlobalSection(SolutionProperties) = preSolution
		HideSolutionNode = FALSE
	EndGlobalSection
EndGlobal
